PODS:
  - Alamofire (4.4.0)
  - NVActivityIndicatorView (3.5.1)

DEPENDENCIES:
  - Alamofire (~> 4.4)
  - NVActivityIndicatorView

SPEC CHECKSUMS:
  Alamofire: dc44b1600b800eb63da6a19039a0083d62a6a62d
  NVActivityIndicatorView: 075563b3547445ebcff840e3297ce9dd4a23731f

PODFILE CHECKSUM: 784a0680f73524ccc31867e8c6ca356b3afb81e2

COCOAPODS: 1.2.0
