// !$*UTF8*$!
{
	archiveVersion = 1;
	classes = {
	};
	objectVersion = 46;
	objects = {

/* Begin PBXBuildFile section */
		27354FB61EA9364E009816B5 /* GratificationModel.swift in Sources */ = {isa = PBXBuildFile; fileRef = 27354FB51EA9364D009816B5 /* GratificationModel.swift */; };
		27354FB81EA94A46009816B5 /* GratificationCell.swift in Sources */ = {isa = PBXBuildFile; fileRef = 27354FB71EA94A46009816B5 /* GratificationCell.swift */; };
		275D9AD61EE7575E00A9C35F /* ScrollWebViewController.swift in Sources */ = {isa = PBXBuildFile; fileRef = 275D9AD51EE7575E00A9C35F /* ScrollWebViewController.swift */; };
		275D9AD81EE7579E00A9C35F /* ScrollWebViewController.storyboard in Resources */ = {isa = PBXBuildFile; fileRef = 275D9AD71EE7579E00A9C35F /* ScrollWebViewController.storyboard */; };
		27604A7F1EAFD06F00E2A69E /* NRLabel.swift in Sources */ = {isa = PBXBuildFile; fileRef = 27604A7E1EAFD06F00E2A69E /* NRLabel.swift */; };
		279BED861E7AEE1800E52B3A /* ViewIdentifierConstants.swift in Sources */ = {isa = PBXBuildFile; fileRef = 279BED851E7AEE1800E52B3A /* ViewIdentifierConstants.swift */; };
		279BED8A1E7AEF5B00E52B3A /* LaunchViewController.swift in Sources */ = {isa = PBXBuildFile; fileRef = 279BED891E7AEF5B00E52B3A /* LaunchViewController.swift */; };
		279BED8C1E7AEFD400E52B3A /* BaseViewController.swift in Sources */ = {isa = PBXBuildFile; fileRef = 279BED8B1E7AEFD400E52B3A /* BaseViewController.swift */; };
		279BED8E1E7AF01C00E52B3A /* PostsViewController.storyboard in Resources */ = {isa = PBXBuildFile; fileRef = 279BED8D1E7AF01C00E52B3A /* PostsViewController.storyboard */; };
		279BED901E7AF0DC00E52B3A /* PostsViewController.swift in Sources */ = {isa = PBXBuildFile; fileRef = 279BED8F1E7AF0DC00E52B3A /* PostsViewController.swift */; };
		279BED941E7AF32A00E52B3A /* WebViewController.storyboard in Resources */ = {isa = PBXBuildFile; fileRef = 279BED931E7AF32A00E52B3A /* WebViewController.storyboard */; };
		279BED961E7AF33600E52B3A /* WebViewController.swift in Sources */ = {isa = PBXBuildFile; fileRef = 279BED951E7AF33600E52B3A /* WebViewController.swift */; };
		279BED981E7AF3C600E52B3A /* PostViewModel.swift in Sources */ = {isa = PBXBuildFile; fileRef = 279BED971E7AF3C600E52B3A /* PostViewModel.swift */; };
		279BED9A1E7AF47900E52B3A /* PostModel.swift in Sources */ = {isa = PBXBuildFile; fileRef = 279BED991E7AF47900E52B3A /* PostModel.swift */; };
		279BED9C1E7AF55100E52B3A /* ContentItemModel.swift in Sources */ = {isa = PBXBuildFile; fileRef = 279BED9B1E7AF55100E52B3A /* ContentItemModel.swift */; };
		279BED9E1E7AF80C00E52B3A /* PostContentManager.swift in Sources */ = {isa = PBXBuildFile; fileRef = 279BED9D1E7AF80C00E52B3A /* PostContentManager.swift */; };
		279BEDA01E7AF81E00E52B3A /* MainCacheManager.swift in Sources */ = {isa = PBXBuildFile; fileRef = 279BED9F1E7AF81E00E52B3A /* MainCacheManager.swift */; };
		279BEDA31E7B011800E52B3A /* NewNowAPIConstants.swift in Sources */ = {isa = PBXBuildFile; fileRef = 279BEDA21E7B011800E52B3A /* NewNowAPIConstants.swift */; };
		279BEDA51E7B013700E52B3A /* PostAPIManager.swift in Sources */ = {isa = PBXBuildFile; fileRef = 279BEDA41E7B013700E52B3A /* PostAPIManager.swift */; };
		279E005F1EC621AF0075C844 /* GreetingModel.swift in Sources */ = {isa = PBXBuildFile; fileRef = 279E005E1EC621AF0075C844 /* GreetingModel.swift */; };
		279E00611EC6238E0075C844 /* GreetingAPIManager.swift in Sources */ = {isa = PBXBuildFile; fileRef = 279E00601EC6238E0075C844 /* GreetingAPIManager.swift */; };
		279E00631EC626F00075C844 /* GreetingContentManager.swift in Sources */ = {isa = PBXBuildFile; fileRef = 279E00621EC626EF0075C844 /* GreetingContentManager.swift */; };
		279E00651EC627E80075C844 /* GreetingViewModel.swift in Sources */ = {isa = PBXBuildFile; fileRef = 279E00641EC627E80075C844 /* GreetingViewModel.swift */; };
		27B242241ECA2D5700F398B8 /* ToolTipView.swift in Sources */ = {isa = PBXBuildFile; fileRef = 27B242231ECA2D5700F398B8 /* ToolTipView.swift */; };
		27BA14991E89D48C0025663C /* GridLayout.swift in Sources */ = {isa = PBXBuildFile; fileRef = 27BA14981E89D48B0025663C /* GridLayout.swift */; };
		27BA149B1E89D6CF0025663C /* ImageCell.swift in Sources */ = {isa = PBXBuildFile; fileRef = 27BA149A1E89D6CF0025663C /* ImageCell.swift */; };
		27C481951E7AD38D00E6022B /* AppDelegate.swift in Sources */ = {isa = PBXBuildFile; fileRef = 27C481941E7AD38D00E6022B /* AppDelegate.swift */; };
		27C4819C1E7AD38D00E6022B /* Assets.xcassets in Resources */ = {isa = PBXBuildFile; fileRef = 27C4819B1E7AD38D00E6022B /* Assets.xcassets */; };
		27C4819F1E7AD38D00E6022B /* LaunchViewController.storyboard in Resources */ = {isa = PBXBuildFile; fileRef = 27C4819D1E7AD38D00E6022B /* LaunchViewController.storyboard */; };
		27DED27B1E8D85470084C92C /* BWCircularSlider.swift in Sources */ = {isa = PBXBuildFile; fileRef = 27DED27A1E8D85470084C92C /* BWCircularSlider.swift */; };
		27DED2801E9426160084C92C /* Miller-Display.otf in Resources */ = {isa = PBXBuildFile; fileRef = 27DED27E1E9426150084C92C /* Miller-Display.otf */; };
		27DED2811E9426160084C92C /* Miller-DisplayItalic.otf in Resources */ = {isa = PBXBuildFile; fileRef = 27DED27F1E9426150084C92C /* Miller-DisplayItalic.otf */; };
		27EE3CD01E7B29DA007A5480 /* LoadingInterstitialViewController.storyboard in Resources */ = {isa = PBXBuildFile; fileRef = 27EE3CCF1E7B29DA007A5480 /* LoadingInterstitialViewController.storyboard */; };
		9138C0058D13A2DE3F6363EE /* Pods_new_now.framework in Frameworks */ = {isa = PBXBuildFile; fileRef = 4CD42200BDAA4107728A10BE /* Pods_new_now.framework */; };
/* End PBXBuildFile section */

/* Begin PBXFileReference section */
		27354FB51EA9364D009816B5 /* GratificationModel.swift */ = {isa = PBXFileReference; fileEncoding = 4; lastKnownFileType = sourcecode.swift; path = GratificationModel.swift; sourceTree = "<group>"; };
		27354FB71EA94A46009816B5 /* GratificationCell.swift */ = {isa = PBXFileReference; fileEncoding = 4; lastKnownFileType = sourcecode.swift; path = GratificationCell.swift; sourceTree = "<group>"; };
		275D9AD51EE7575E00A9C35F /* ScrollWebViewController.swift */ = {isa = PBXFileReference; fileEncoding = 4; lastKnownFileType = sourcecode.swift; path = ScrollWebViewController.swift; sourceTree = "<group>"; };
		275D9AD71EE7579E00A9C35F /* ScrollWebViewController.storyboard */ = {isa = PBXFileReference; fileEncoding = 4; lastKnownFileType = file.storyboard; path = ScrollWebViewController.storyboard; sourceTree = "<group>"; };
		27604A7E1EAFD06F00E2A69E /* NRLabel.swift */ = {isa = PBXFileReference; fileEncoding = 4; lastKnownFileType = sourcecode.swift; path = NRLabel.swift; sourceTree = "<group>"; };
		279BED851E7AEE1800E52B3A /* ViewIdentifierConstants.swift */ = {isa = PBXFileReference; fileEncoding = 4; lastKnownFileType = sourcecode.swift; path = ViewIdentifierConstants.swift; sourceTree = "<group>"; };
		279BED891E7AEF5B00E52B3A /* LaunchViewController.swift */ = {isa = PBXFileReference; fileEncoding = 4; lastKnownFileType = sourcecode.swift; path = LaunchViewController.swift; sourceTree = "<group>"; };
		279BED8B1E7AEFD400E52B3A /* BaseViewController.swift */ = {isa = PBXFileReference; fileEncoding = 4; lastKnownFileType = sourcecode.swift; path = BaseViewController.swift; sourceTree = "<group>"; };
		279BED8D1E7AF01C00E52B3A /* PostsViewController.storyboard */ = {isa = PBXFileReference; fileEncoding = 4; lastKnownFileType = file.storyboard; path = PostsViewController.storyboard; sourceTree = "<group>"; };
		279BED8F1E7AF0DC00E52B3A /* PostsViewController.swift */ = {isa = PBXFileReference; fileEncoding = 4; lastKnownFileType = sourcecode.swift; path = PostsViewController.swift; sourceTree = "<group>"; };
		279BED931E7AF32A00E52B3A /* WebViewController.storyboard */ = {isa = PBXFileReference; fileEncoding = 4; lastKnownFileType = file.storyboard; path = WebViewController.storyboard; sourceTree = "<group>"; };
		279BED951E7AF33600E52B3A /* WebViewController.swift */ = {isa = PBXFileReference; fileEncoding = 4; lastKnownFileType = sourcecode.swift; path = WebViewController.swift; sourceTree = "<group>"; };
		279BED971E7AF3C600E52B3A /* PostViewModel.swift */ = {isa = PBXFileReference; fileEncoding = 4; lastKnownFileType = sourcecode.swift; path = PostViewModel.swift; sourceTree = "<group>"; };
		279BED991E7AF47900E52B3A /* PostModel.swift */ = {isa = PBXFileReference; fileEncoding = 4; lastKnownFileType = sourcecode.swift; path = PostModel.swift; sourceTree = "<group>"; };
		279BED9B1E7AF55100E52B3A /* ContentItemModel.swift */ = {isa = PBXFileReference; fileEncoding = 4; lastKnownFileType = sourcecode.swift; path = ContentItemModel.swift; sourceTree = "<group>"; };
		279BED9D1E7AF80C00E52B3A /* PostContentManager.swift */ = {isa = PBXFileReference; fileEncoding = 4; lastKnownFileType = sourcecode.swift; path = PostContentManager.swift; sourceTree = "<group>"; };
		279BED9F1E7AF81E00E52B3A /* MainCacheManager.swift */ = {isa = PBXFileReference; fileEncoding = 4; lastKnownFileType = sourcecode.swift; path = MainCacheManager.swift; sourceTree = "<group>"; };
		279BEDA21E7B011800E52B3A /* NewNowAPIConstants.swift */ = {isa = PBXFileReference; fileEncoding = 4; lastKnownFileType = sourcecode.swift; path = NewNowAPIConstants.swift; sourceTree = "<group>"; };
		279BEDA41E7B013700E52B3A /* PostAPIManager.swift */ = {isa = PBXFileReference; fileEncoding = 4; lastKnownFileType = sourcecode.swift; path = PostAPIManager.swift; sourceTree = "<group>"; };
		279E005E1EC621AF0075C844 /* GreetingModel.swift */ = {isa = PBXFileReference; fileEncoding = 4; lastKnownFileType = sourcecode.swift; path = GreetingModel.swift; sourceTree = "<group>"; };
		279E00601EC6238E0075C844 /* GreetingAPIManager.swift */ = {isa = PBXFileReference; fileEncoding = 4; lastKnownFileType = sourcecode.swift; path = GreetingAPIManager.swift; sourceTree = "<group>"; };
		279E00621EC626EF0075C844 /* GreetingContentManager.swift */ = {isa = PBXFileReference; fileEncoding = 4; lastKnownFileType = sourcecode.swift; path = GreetingContentManager.swift; sourceTree = "<group>"; };
		279E00641EC627E80075C844 /* GreetingViewModel.swift */ = {isa = PBXFileReference; fileEncoding = 4; lastKnownFileType = sourcecode.swift; path = GreetingViewModel.swift; sourceTree = "<group>"; };
		27B242231ECA2D5700F398B8 /* ToolTipView.swift */ = {isa = PBXFileReference; fileEncoding = 4; lastKnownFileType = sourcecode.swift; path = ToolTipView.swift; sourceTree = "<group>"; };
		27BA14981E89D48B0025663C /* GridLayout.swift */ = {isa = PBXFileReference; fileEncoding = 4; lastKnownFileType = sourcecode.swift; path = GridLayout.swift; sourceTree = "<group>"; };
		27BA149A1E89D6CF0025663C /* ImageCell.swift */ = {isa = PBXFileReference; fileEncoding = 4; lastKnownFileType = sourcecode.swift; path = ImageCell.swift; sourceTree = "<group>"; };
		27C03BAB1EFD97DA0053385A /* new_now.entitlements */ = {isa = PBXFileReference; lastKnownFileType = text.plist.entitlements; path = new_now.entitlements; sourceTree = "<group>"; };
		27C481911E7AD38D00E6022B /* new_now.app */ = {isa = PBXFileReference; explicitFileType = wrapper.application; includeInIndex = 0; path = new_now.app; sourceTree = BUILT_PRODUCTS_DIR; };
		27C481941E7AD38D00E6022B /* AppDelegate.swift */ = {isa = PBXFileReference; lastKnownFileType = sourcecode.swift; path = AppDelegate.swift; sourceTree = "<group>"; };
		27C4819B1E7AD38D00E6022B /* Assets.xcassets */ = {isa = PBXFileReference; lastKnownFileType = folder.assetcatalog; path = Assets.xcassets; sourceTree = "<group>"; };
		27C4819E1E7AD38D00E6022B /* Base */ = {isa = PBXFileReference; lastKnownFileType = file.storyboard; name = Base; path = Base.lproj/LaunchViewController.storyboard; sourceTree = "<group>"; };
		27C481A01E7AD38D00E6022B /* Info.plist */ = {isa = PBXFileReference; lastKnownFileType = text.plist.xml; path = Info.plist; sourceTree = "<group>"; };
		27DED27A1E8D85470084C92C /* BWCircularSlider.swift */ = {isa = PBXFileReference; fileEncoding = 4; lastKnownFileType = sourcecode.swift; path = BWCircularSlider.swift; sourceTree = "<group>"; };
		27DED27E1E9426150084C92C /* Miller-Display.otf */ = {isa = PBXFileReference; lastKnownFileType = file; name = "Miller-Display.otf"; path = "../../Downloads/Miller-Display.otf"; sourceTree = "<group>"; };
		27DED27F1E9426150084C92C /* Miller-DisplayItalic.otf */ = {isa = PBXFileReference; lastKnownFileType = file; name = "Miller-DisplayItalic.otf"; path = "../../Downloads/Miller-DisplayItalic.otf"; sourceTree = "<group>"; };
		27EE3CCF1E7B29DA007A5480 /* LoadingInterstitialViewController.storyboard */ = {isa = PBXFileReference; fileEncoding = 4; lastKnownFileType = file.storyboard; path = LoadingInterstitialViewController.storyboard; sourceTree = "<group>"; };
		4CD42200BDAA4107728A10BE /* Pods_new_now.framework */ = {isa = PBXFileReference; explicitFileType = wrapper.framework; includeInIndex = 0; path = Pods_new_now.framework; sourceTree = BUILT_PRODUCTS_DIR; };
		67187359C376984006590177 /* Pods-new_now.release.xcconfig */ = {isa = PBXFileReference; includeInIndex = 1; lastKnownFileType = text.xcconfig; name = "Pods-new_now.release.xcconfig"; path = "Pods/Target Support Files/Pods-new_now/Pods-new_now.release.xcconfig"; sourceTree = "<group>"; };
		C85B92ED14670F8A82123237 /* Pods-new_now.debug.xcconfig */ = {isa = PBXFileReference; includeInIndex = 1; lastKnownFileType = text.xcconfig; name = "Pods-new_now.debug.xcconfig"; path = "Pods/Target Support Files/Pods-new_now/Pods-new_now.debug.xcconfig"; sourceTree = "<group>"; };
/* End PBXFileReference section */

/* Begin PBXFrameworksBuildPhase section */
		27C4818E1E7AD38C00E6022B /* Frameworks */ = {
			isa = PBXFrameworksBuildPhase;
			buildActionMask = 2147483647;
			files = (
				9138C0058D13A2DE3F6363EE /* Pods_new_now.framework in Frameworks */,
			);
			runOnlyForDeploymentPostprocessing = 0;
		};
/* End PBXFrameworksBuildPhase section */

/* Begin PBXGroup section */
		275D9AD41EE7573700A9C35F /* ScrollWebView */ = {
			isa = PBXGroup;
			children = (
				275D9AD51EE7575E00A9C35F /* ScrollWebViewController.swift */,
				275D9AD71EE7579E00A9C35F /* ScrollWebViewController.storyboard */,
			);
			name = ScrollWebView;
			sourceTree = "<group>";
		};
		27604A7D1EAFD05800E2A69E /* CustomClasses */ = {
			isa = PBXGroup;
			children = (
				27604A7E1EAFD06F00E2A69E /* NRLabel.swift */,
			);
			name = CustomClasses;
			sourceTree = "<group>";
		};
		279BED7F1E7AED0A00E52B3A /* Views */ = {
			isa = PBXGroup;
			children = (
				275D9AD41EE7573700A9C35F /* ScrollWebView */,
				279BED911E7AF30A00E52B3A /* WebView */,
				279BED841E7AEDC100E52B3A /* PostsScreen */,
				279BED831E7AEDB100E52B3A /* LaunchScreen */,
				279BED851E7AEE1800E52B3A /* ViewIdentifierConstants.swift */,
				279BED8B1E7AEFD400E52B3A /* BaseViewController.swift */,
			);
			name = Views;
			sourceTree = "<group>";
		};
		279BED801E7AED1000E52B3A /* ViewModels */ = {
			isa = PBXGroup;
			children = (
				279BED971E7AF3C600E52B3A /* PostViewModel.swift */,
				279E00641EC627E80075C844 /* GreetingViewModel.swift */,
			);
			name = ViewModels;
			sourceTree = "<group>";
		};
		279BED811E7AED1900E52B3A /* Managers */ = {
			isa = PBXGroup;
			children = (
				279BED9D1E7AF80C00E52B3A /* PostContentManager.swift */,
				279BED9F1E7AF81E00E52B3A /* MainCacheManager.swift */,
				279E00621EC626EF0075C844 /* GreetingContentManager.swift */,
			);
			name = Managers;
			sourceTree = "<group>";
		};
		279BED821E7AED2500E52B3A /* Models */ = {
			isa = PBXGroup;
			children = (
				279BED991E7AF47900E52B3A /* PostModel.swift */,
				279BED9B1E7AF55100E52B3A /* ContentItemModel.swift */,
				27354FB51EA9364D009816B5 /* GratificationModel.swift */,
				279E005E1EC621AF0075C844 /* GreetingModel.swift */,
			);
			name = Models;
			sourceTree = "<group>";
		};
		279BED831E7AEDB100E52B3A /* LaunchScreen */ = {
			isa = PBXGroup;
			children = (
				27C4819D1E7AD38D00E6022B /* LaunchViewController.storyboard */,
				279BED891E7AEF5B00E52B3A /* LaunchViewController.swift */,
				27EE3CCF1E7B29DA007A5480 /* LoadingInterstitialViewController.storyboard */,
			);
			name = LaunchScreen;
			sourceTree = "<group>";
		};
		279BED841E7AEDC100E52B3A /* PostsScreen */ = {
			isa = PBXGroup;
			children = (
				279BED8D1E7AF01C00E52B3A /* PostsViewController.storyboard */,
				279BED8F1E7AF0DC00E52B3A /* PostsViewController.swift */,
				27BA14981E89D48B0025663C /* GridLayout.swift */,
				27BA149A1E89D6CF0025663C /* ImageCell.swift */,
				27354FB71EA94A46009816B5 /* GratificationCell.swift */,
			);
			name = PostsScreen;
			sourceTree = "<group>";
		};
		279BED911E7AF30A00E52B3A /* WebView */ = {
			isa = PBXGroup;
			children = (
				279BED931E7AF32A00E52B3A /* WebViewController.storyboard */,
				279BED951E7AF33600E52B3A /* WebViewController.swift */,
			);
			name = WebView;
			sourceTree = "<group>";
		};
		279BEDA11E7B00FF00E52B3A /* APIClient */ = {
			isa = PBXGroup;
			children = (
				279BEDA21E7B011800E52B3A /* NewNowAPIConstants.swift */,
				279BEDA41E7B013700E52B3A /* PostAPIManager.swift */,
				279E00601EC6238E0075C844 /* GreetingAPIManager.swift */,
			);
			name = APIClient;
			sourceTree = "<group>";
		};
		27C481881E7AD38C00E6022B = {
			isa = PBXGroup;
			children = (
				27DED27C1E9421E90084C92C /* Resources */,
				27C481931E7AD38D00E6022B /* new_now */,
				27C481921E7AD38D00E6022B /* Products */,
				BDA3FB8289D3FECC069995C3 /* Pods */,
				EDAAD70962F1064A69AADCBF /* Frameworks */,
			);
			sourceTree = "<group>";
		};
		27C481921E7AD38D00E6022B /* Products */ = {
			isa = PBXGroup;
			children = (
				27C481911E7AD38D00E6022B /* new_now.app */,
			);
			name = Products;
			sourceTree = "<group>";
		};
		27C481931E7AD38D00E6022B /* new_now */ = {
			isa = PBXGroup;
			children = (
				27C03BAB1EFD97DA0053385A /* new_now.entitlements */,
				27604A7D1EAFD05800E2A69E /* CustomClasses */,
				27DED2791E8D85310084C92C /* CustomViews */,
				279BEDA11E7B00FF00E52B3A /* APIClient */,
				279BED821E7AED2500E52B3A /* Models */,
				279BED7F1E7AED0A00E52B3A /* Views */,
				279BED811E7AED1900E52B3A /* Managers */,
				279BED801E7AED1000E52B3A /* ViewModels */,
				27C481941E7AD38D00E6022B /* AppDelegate.swift */,
				27C4819B1E7AD38D00E6022B /* Assets.xcassets */,
				27C481A01E7AD38D00E6022B /* Info.plist */,
			);
			path = new_now;
			sourceTree = "<group>";
		};
		27DED2791E8D85310084C92C /* CustomViews */ = {
			isa = PBXGroup;
			children = (
				27DED27A1E8D85470084C92C /* BWCircularSlider.swift */,
				27B242231ECA2D5700F398B8 /* ToolTipView.swift */,
			);
			name = CustomViews;
			sourceTree = "<group>";
		};
		27DED27C1E9421E90084C92C /* Resources */ = {
			isa = PBXGroup;
			children = (
				27DED27E1E9426150084C92C /* Miller-Display.otf */,
				27DED27F1E9426150084C92C /* Miller-DisplayItalic.otf */,
			);
			name = Resources;
			sourceTree = "<group>";
		};
		BDA3FB8289D3FECC069995C3 /* Pods */ = {
			isa = PBXGroup;
			children = (
				C85B92ED14670F8A82123237 /* Pods-new_now.debug.xcconfig */,
				67187359C376984006590177 /* Pods-new_now.release.xcconfig */,
			);
			name = Pods;
			sourceTree = "<group>";
		};
		EDAAD70962F1064A69AADCBF /* Frameworks */ = {
			isa = PBXGroup;
			children = (
				4CD42200BDAA4107728A10BE /* Pods_new_now.framework */,
			);
			name = Frameworks;
			sourceTree = "<group>";
		};
/* End PBXGroup section */

/* Begin PBXNativeTarget section */
		27C481901E7AD38C00E6022B /* new_now */ = {
			isa = PBXNativeTarget;
			buildConfigurationList = 27C481A31E7AD38D00E6022B /* Build configuration list for PBXNativeTarget "new_now" */;
			buildPhases = (
				65A0CC4D0F393ED15AEE01BA /* [CP] Check Pods Manifest.lock */,
				27C4818D1E7AD38C00E6022B /* Sources */,
				27C4818E1E7AD38C00E6022B /* Frameworks */,
				27C4818F1E7AD38C00E6022B /* Resources */,
				79FF3EFC8E829EAAD5CDEF2F /* [CP] Embed Pods Frameworks */,
				742ED9EF49382217875D5F87 /* [CP] Copy Pods Resources */,
			);
			buildRules = (
			);
			dependencies = (
			);
			name = new_now;
			productName = new_now;
			productReference = 27C481911E7AD38D00E6022B /* new_now.app */;
			productType = "com.apple.product-type.application";
		};
/* End PBXNativeTarget section */

/* Begin PBXProject section */
		27C481891E7AD38C00E6022B /* Project object */ = {
			isa = PBXProject;
			attributes = {
				LastSwiftUpdateCheck = 0810;
				LastUpgradeCheck = 0810;
				ORGANIZATIONNAME = AnyNYC;
				TargetAttributes = {
					27C481901E7AD38C00E6022B = {
						CreatedOnToolsVersion = 8.1;
						DevelopmentTeam = 25L98CM939;
						ProvisioningStyle = Automatic;
						SystemCapabilities = {
							com.apple.Push = {
								enabled = 0;
							};
							com.apple.iCloud = {
								enabled = 0;
							};
						};
					};
				};
			};
			buildConfigurationList = 27C4818C1E7AD38C00E6022B /* Build configuration list for PBXProject "new_now" */;
			compatibilityVersion = "Xcode 3.2";
			developmentRegion = English;
			hasScannedForEncodings = 0;
			knownRegions = (
				en,
				Base,
			);
			mainGroup = 27C481881E7AD38C00E6022B;
			productRefGroup = 27C481921E7AD38D00E6022B /* Products */;
			projectDirPath = "";
			projectRoot = "";
			targets = (
				27C481901E7AD38C00E6022B /* new_now */,
			);
		};
/* End PBXProject section */

/* Begin PBXResourcesBuildPhase section */
		27C4818F1E7AD38C00E6022B /* Resources */ = {
			isa = PBXResourcesBuildPhase;
			buildActionMask = 2147483647;
			files = (
				279BED941E7AF32A00E52B3A /* WebViewController.storyboard in Resources */,
				275D9AD81EE7579E00A9C35F /* ScrollWebViewController.storyboard in Resources */,
				27EE3CD01E7B29DA007A5480 /* LoadingInterstitialViewController.storyboard in Resources */,
				279BED8E1E7AF01C00E52B3A /* PostsViewController.storyboard in Resources */,
				27DED2811E9426160084C92C /* Miller-DisplayItalic.otf in Resources */,
				27C4819F1E7AD38D00E6022B /* LaunchViewController.storyboard in Resources */,
				27C4819C1E7AD38D00E6022B /* Assets.xcassets in Resources */,
				27DED2801E9426160084C92C /* Miller-Display.otf in Resources */,
			);
			runOnlyForDeploymentPostprocessing = 0;
		};
/* End PBXResourcesBuildPhase section */

/* Begin PBXShellScriptBuildPhase section */
		65A0CC4D0F393ED15AEE01BA /* [CP] Check Pods Manifest.lock */ = {
			isa = PBXShellScriptBuildPhase;
			buildActionMask = 2147483647;
			files = (
			);
			inputPaths = (
			);
			name = "[CP] Check Pods Manifest.lock";
			outputPaths = (
			);
			runOnlyForDeploymentPostprocessing = 0;
			shellPath = /bin/sh;
			shellScript = "diff \"${PODS_ROOT}/../Podfile.lock\" \"${PODS_ROOT}/Manifest.lock\" > /dev/null\nif [ $? != 0 ] ; then\n    # print error to STDERR\n    echo \"error: The sandbox is not in sync with the Podfile.lock. Run 'pod install' or update your CocoaPods installation.\" >&2\n    exit 1\nfi\n";
			showEnvVarsInLog = 0;
		};
		742ED9EF49382217875D5F87 /* [CP] Copy Pods Resources */ = {
			isa = PBXShellScriptBuildPhase;
			buildActionMask = 2147483647;
			files = (
			);
			inputPaths = (
			);
			name = "[CP] Copy Pods Resources";
			outputPaths = (
			);
			runOnlyForDeploymentPostprocessing = 0;
			shellPath = /bin/sh;
			shellScript = "\"${SRCROOT}/Pods/Target Support Files/Pods-new_now/Pods-new_now-resources.sh\"\n";
			showEnvVarsInLog = 0;
		};
		79FF3EFC8E829EAAD5CDEF2F /* [CP] Embed Pods Frameworks */ = {
			isa = PBXShellScriptBuildPhase;
			buildActionMask = 2147483647;
			files = (
			);
			inputPaths = (
			);
			name = "[CP] Embed Pods Frameworks";
			outputPaths = (
			);
			runOnlyForDeploymentPostprocessing = 0;
			shellPath = /bin/sh;
			shellScript = "\"${SRCROOT}/Pods/Target Support Files/Pods-new_now/Pods-new_now-frameworks.sh\"\n";
			showEnvVarsInLog = 0;
		};
/* End PBXShellScriptBuildPhase section */

/* Begin PBXSourcesBuildPhase section */
		27C4818D1E7AD38C00E6022B /* Sources */ = {
			isa = PBXSourcesBuildPhase;
			buildActionMask = 2147483647;
			files = (
				27604A7F1EAFD06F00E2A69E /* NRLabel.swift in Sources */,
				27BA14991E89D48C0025663C /* GridLayout.swift in Sources */,
				279BED981E7AF3C600E52B3A /* PostViewModel.swift in Sources */,
				27B242241ECA2D5700F398B8 /* ToolTipView.swift in Sources */,
				275D9AD61EE7575E00A9C35F /* ScrollWebViewController.swift in Sources */,
				27DED27B1E8D85470084C92C /* BWCircularSlider.swift in Sources */,
				279BED9A1E7AF47900E52B3A /* PostModel.swift in Sources */,
				27354FB81EA94A46009816B5 /* GratificationCell.swift in Sources */,
				279E00651EC627E80075C844 /* GreetingViewModel.swift in Sources */,
				279BEDA51E7B013700E52B3A /* PostAPIManager.swift in Sources */,
				279BED901E7AF0DC00E52B3A /* PostsViewController.swift in Sources */,
				279E005F1EC621AF0075C844 /* GreetingModel.swift in Sources */,
				279BED8C1E7AEFD400E52B3A /* BaseViewController.swift in Sources */,
				279BED861E7AEE1800E52B3A /* ViewIdentifierConstants.swift in Sources */,
				27C481951E7AD38D00E6022B /* AppDelegate.swift in Sources */,
				279BED9E1E7AF80C00E52B3A /* PostContentManager.swift in Sources */,
				279BED8A1E7AEF5B00E52B3A /* LaunchViewController.swift in Sources */,
				279E00631EC626F00075C844 /* GreetingContentManager.swift in Sources */,
				279E00611EC6238E0075C844 /* GreetingAPIManager.swift in Sources */,
				279BEDA01E7AF81E00E52B3A /* MainCacheManager.swift in Sources */,
				27354FB61EA9364E009816B5 /* GratificationModel.swift in Sources */,
				279BED9C1E7AF55100E52B3A /* ContentItemModel.swift in Sources */,
				279BED961E7AF33600E52B3A /* WebViewController.swift in Sources */,
				279BEDA31E7B011800E52B3A /* NewNowAPIConstants.swift in Sources */,
				27BA149B1E89D6CF0025663C /* ImageCell.swift in Sources */,
			);
			runOnlyForDeploymentPostprocessing = 0;
		};
/* End PBXSourcesBuildPhase section */

/* Begin PBXVariantGroup section */
		27C4819D1E7AD38D00E6022B /* LaunchViewController.storyboard */ = {
			isa = PBXVariantGroup;
			children = (
				27C4819E1E7AD38D00E6022B /* Base */,
			);
			name = LaunchViewController.storyboard;
			sourceTree = "<group>";
		};
/* End PBXVariantGroup section */

/* Begin XCBuildConfiguration section */
		27C481A11E7AD38D00E6022B /* Debug */ = {
			isa = XCBuildConfiguration;
			buildSettings = {
				ALWAYS_SEARCH_USER_PATHS = NO;
				CLANG_ANALYZER_NONNULL = YES;
				CLANG_CXX_LANGUAGE_STANDARD = "gnu++0x";
				CLANG_CXX_LIBRARY = "libc++";
				CLANG_ENABLE_MODULES = YES;
				CLANG_ENABLE_OBJC_ARC = YES;
				CLANG_WARN_BOOL_CONVERSION = YES;
				CLANG_WARN_CONSTANT_CONVERSION = YES;
				CLANG_WARN_DIRECT_OBJC_ISA_USAGE = YES_ERROR;
				CLANG_WARN_DOCUMENTATION_COMMENTS = YES;
				CLANG_WARN_EMPTY_BODY = YES;
				CLANG_WARN_ENUM_CONVERSION = YES;
				CLANG_WARN_INFINITE_RECURSION = YES;
				CLANG_WARN_INT_CONVERSION = YES;
				CLANG_WARN_OBJC_ROOT_CLASS = YES_ERROR;
				CLANG_WARN_SUSPICIOUS_MOVES = YES;
				CLANG_WARN_UNREACHABLE_CODE = YES;
				CLANG_WARN__DUPLICATE_METHOD_MATCH = YES;
				"CODE_SIGN_IDENTITY[sdk=iphoneos*]" = "iPhone Developer";
				COPY_PHASE_STRIP = NO;
				DEBUG_INFORMATION_FORMAT = dwarf;
				ENABLE_STRICT_OBJC_MSGSEND = YES;
				ENABLE_TESTABILITY = YES;
				GCC_C_LANGUAGE_STANDARD = gnu99;
				GCC_DYNAMIC_NO_PIC = NO;
				GCC_NO_COMMON_BLOCKS = YES;
				GCC_OPTIMIZATION_LEVEL = 0;
				GCC_PREPROCESSOR_DEFINITIONS = (
					"DEBUG=1",
					"$(inherited)",
				);
				GCC_WARN_64_TO_32_BIT_CONVERSION = YES;
				GCC_WARN_ABOUT_RETURN_TYPE = YES_ERROR;
				GCC_WARN_UNDECLARED_SELECTOR = YES;
				GCC_WARN_UNINITIALIZED_AUTOS = YES_AGGRESSIVE;
				GCC_WARN_UNUSED_FUNCTION = YES;
				GCC_WARN_UNUSED_VARIABLE = YES;
				IPHONEOS_DEPLOYMENT_TARGET = 10.3;
				MTL_ENABLE_DEBUG_INFO = YES;
				ONLY_ACTIVE_ARCH = YES;
				SDKROOT = iphoneos;
				SWIFT_ACTIVE_COMPILATION_CONDITIONS = DEBUG;
				SWIFT_OPTIMIZATION_LEVEL = "-Onone";
			};
			name = Debug;
		};
		27C481A21E7AD38D00E6022B /* Release */ = {
			isa = XCBuildConfiguration;
			buildSettings = {
				ALWAYS_SEARCH_USER_PATHS = NO;
				CLANG_ANALYZER_NONNULL = YES;
				CLANG_CXX_LANGUAGE_STANDARD = "gnu++0x";
				CLANG_CXX_LIBRARY = "libc++";
				CLANG_ENABLE_MODULES = YES;
				CLANG_ENABLE_OBJC_ARC = YES;
				CLANG_WARN_BOOL_CONVERSION = YES;
				CLANG_WARN_CONSTANT_CONVERSION = YES;
				CLANG_WARN_DIRECT_OBJC_ISA_USAGE = YES_ERROR;
				CLANG_WARN_DOCUMENTATION_COMMENTS = YES;
				CLANG_WARN_EMPTY_BODY = YES;
				CLANG_WARN_ENUM_CONVERSION = YES;
				CLANG_WARN_INFINITE_RECURSION = YES;
				CLANG_WARN_INT_CONVERSION = YES;
				CLANG_WARN_OBJC_ROOT_CLASS = YES_ERROR;
				CLANG_WARN_SUSPICIOUS_MOVES = YES;
				CLANG_WARN_UNREACHABLE_CODE = YES;
				CLANG_WARN__DUPLICATE_METHOD_MATCH = YES;
				"CODE_SIGN_IDENTITY[sdk=iphoneos*]" = "iPhone Developer";
				COPY_PHASE_STRIP = NO;
				DEBUG_INFORMATION_FORMAT = "dwarf-with-dsym";
				ENABLE_NS_ASSERTIONS = NO;
				ENABLE_STRICT_OBJC_MSGSEND = YES;
				GCC_C_LANGUAGE_STANDARD = gnu99;
				GCC_NO_COMMON_BLOCKS = YES;
				GCC_OPTIMIZATION_LEVEL = 0;
				GCC_WARN_64_TO_32_BIT_CONVERSION = YES;
				GCC_WARN_ABOUT_RETURN_TYPE = YES_ERROR;
				GCC_WARN_UNDECLARED_SELECTOR = YES;
				GCC_WARN_UNINITIALIZED_AUTOS = YES_AGGRESSIVE;
				GCC_WARN_UNUSED_FUNCTION = YES;
				GCC_WARN_UNUSED_VARIABLE = YES;
				IPHONEOS_DEPLOYMENT_TARGET = 10.3;
				MTL_ENABLE_DEBUG_INFO = NO;
				SDKROOT = iphoneos;
				SWIFT_OPTIMIZATION_LEVEL = "-Owholemodule";
				VALIDATE_PRODUCT = YES;
			};
			name = Release;
		};
		27C481A41E7AD38D00E6022B /* Debug */ = {
			isa = XCBuildConfiguration;
			baseConfigurationReference = C85B92ED14670F8A82123237 /* Pods-new_now.debug.xcconfig */;
			buildSettings = {
				ASSETCATALOG_COMPILER_APPICON_NAME = AppIcon;
				DEVELOPMENT_TEAM = 25L98CM939;
				INFOPLIST_FILE = new_now/Info.plist;
				IPHONEOS_DEPLOYMENT_TARGET = 10.2;
				LD_RUNPATH_SEARCH_PATHS = "$(inherited) @executable_path/Frameworks";
				PRODUCT_BUNDLE_IDENTIFIER = weareany;
				PRODUCT_NAME = "$(TARGET_NAME)";
				SWIFT_VERSION = 3.0;
			};
			name = Debug;
		};
		27C481A51E7AD38D00E6022B /* Release */ = {
			isa = XCBuildConfiguration;
			baseConfigurationReference = 67187359C376984006590177 /* Pods-new_now.release.xcconfig */;
			buildSettings = {
				ASSETCATALOG_COMPILER_APPICON_NAME = AppIcon;
				DEVELOPMENT_TEAM = 25L98CM939;
				INFOPLIST_FILE = new_now/Info.plist;
				IPHONEOS_DEPLOYMENT_TARGET = 10.2;
				LD_RUNPATH_SEARCH_PATHS = "$(inherited) @executable_path/Frameworks";
				PRODUCT_BUNDLE_IDENTIFIER = weareany;
				PRODUCT_NAME = "$(TARGET_NAME)";
				SWIFT_VERSION = 3.0;
			};
			name = Release;
		};
/* End XCBuildConfiguration section */

/* Begin XCConfigurationList section */
		27C4818C1E7AD38C00E6022B /* Build configuration list for PBXProject "new_now" */ = {
			isa = XCConfigurationList;
			buildConfigurations = (
				27C481A11E7AD38D00E6022B /* Debug */,
				27C481A21E7AD38D00E6022B /* Release */,
			);
			defaultConfigurationIsVisible = 0;
			defaultConfigurationName = Release;
		};
		27C481A31E7AD38D00E6022B /* Build configuration list for PBXNativeTarget "new_now" */ = {
			isa = XCConfigurationList;
			buildConfigurations = (
				27C481A41E7AD38D00E6022B /* Debug */,
				27C481A51E7AD38D00E6022B /* Release */,
			);
			defaultConfigurationIsVisible = 0;
			defaultConfigurationName = Release;
		};
/* End XCConfigurationList section */
	};
	rootObject = 27C481891E7AD38C00E6022B /* Project object */;
}
